
Microsoft Visual Studio Solution File, Format Version 12.00
# Visual Studio Version 16
VisualStudioVersion = 16.0.30907.101
MinimumVisualStudioVersion = 10.0.40219.1
Project("{FAE04EC0-301F-11D3-BF4B-00C04F79EFBC}") = "SaSSExampleApplication", "SaSSExampleApplication\SaSSExampleApplication.csproj", "{6AFE32C3-7C30-4ABA-A125-C663D0F9802F}"
EndProject
Global
	GlobalSection(SolutionConfigurationPlatforms) = preSolution
		Debug|Any CPU = Debug|Any CPU
		Release|Any CPU = Release|Any CPU
	EndGlobalSection
	GlobalSection(ProjectConfigurationPlatforms) = postSolution
		{6AFE32C3-7C30-4ABA-A125-C663D0F9802F}.Debug|Any CPU.ActiveCfg = Debug|Any CPU
		{6AFE32C3-7C30-4ABA-A125-C663D0F9802F}.Debug|Any CPU.Build.0 = Debug|Any CPU
		{6AFE32C3-7C30-4ABA-A125-C663D0F9802F}.Release|Any CPU.ActiveCfg = Release|Any CPU
		{6AFE32C3-7C30-4ABA-A125-C663D0F9802F}.Release|Any CPU.Build.0 = Release|Any CPU
	EndGlobalSection
	GlobalSection(SolutionProperties) = preSolution
		HideSolutionNode = FALSE
	EndGlobalSection
	GlobalSection(ExtensibilityGlobals) = postSolution
		SolutionGuid = {9373183C-6A36-4BA6-AF25-C0A30B1A1515}
	EndGlobalSection
EndGlobal
